{
  "version": 4,
  "terraform_version": "1.4.0",
  "serial": 132,
  "lineage": "1377ad5b-1f77-704d-029c-b9baf4d6a88a",
  "outputs": {},
  "resources": [
    {
      "module": "module.Private-Cluster",
      "mode": "managed",
      "type": "google_container_cluster",
      "name": "cluster-private",
      "provider": "provider[\"registry.terraform.io/hashicorp/google\"]",
      "instances": [
        {
          "schema_version": 1,
          "attributes": {
            "addons_config": [
              {
                "cloudrun_config": [],
                "config_connector_config": [],
                "dns_cache_config": [],
                "gce_persistent_disk_csi_driver_config": [
                  {
                    "enabled": true
                  }
                ],
                "gcp_filestore_csi_driver_config": [],
                "gke_backup_agent_config": [],
                "horizontal_pod_autoscaling": [],
                "http_load_balancing": [
                  {
                    "disabled": true
                  }
                ],
                "network_policy_config": [
                  {
                    "disabled": true
                  }
                ]
              }
            ],
            "authenticator_groups_config": [],
            "binary_authorization": [
              {
                "enabled": false,
                "evaluation_mode": ""
              }
            ],
            "cluster_autoscaling": [
              {
                "auto_provisioning_defaults": [],
                "enabled": false,
                "resource_limits": []
              }
            ],
            "cluster_ipv4_cidr": "10.16.0.0/16",
            "confidential_nodes": [],
            "cost_management_config": [],
            "database_encryption": [
              {
                "key_name": "",
                "state": "DECRYPTED"
              }
            ],
            "datapath_provider": "",
            "default_max_pods_per_node": 110,
            "default_snat_status": [
              {
                "disabled": false
              }
            ],
            "description": "",
            "dns_config": [],
            "enable_autopilot": false,
            "enable_binary_authorization": false,
            "enable_intranode_visibility": false,
            "enable_kubernetes_alpha": false,
            "enable_l4_ilb_subsetting": false,
            "enable_legacy_abac": false,
            "enable_shielded_nodes": true,
            "enable_tpu": false,
            "endpoint": "172.16.0.2",
            "gateway_api_config": [],
            "id": "projects/ali-ali-378200/locations/us-west1-b/clusters/private-cluster",
            "initial_node_count": 1,
            "ip_allocation_policy": [
              {
                "cluster_ipv4_cidr_block": "10.16.0.0/16",
                "cluster_secondary_range_name": "gke-private-cluster-pods-0b20b43d",
                "services_ipv4_cidr_block": "10.12.0.0/16",
                "services_secondary_range_name": "gke-private-cluster-services-0b20b43d"
              }
            ],
            "label_fingerprint": "a9dc16a7",
            "location": "us-west1-b",
            "logging_config": [
              {
                "enable_components": [
                  "SYSTEM_COMPONENTS",
                  "WORKLOADS"
                ]
              }
            ],
            "logging_service": "logging.googleapis.com/kubernetes",
            "maintenance_policy": [],
            "master_auth": [
              {
                "client_certificate": "",
                "client_certificate_config": [
                  {
                    "issue_client_certificate": false
                  }
                ],
                "client_key": "",
                "cluster_ca_certificate": "LS0tLS1CRUdJTiBDRVJUSUZJQ0FURS0tLS0tCk1JSUVMVENDQXBXZ0F3SUJBZ0lSQUxIM0VpOWtXbnBxOVJSNnNKN2poY1V3RFFZSktvWklodmNOQVFFTEJRQXcKTHpFdE1Dc0dBMVVFQXhNa1lUTmhNVGxoWVRRdE0yUTVaQzAwWVdOaExXSXpPVFl0TkRNME9ERmpZV1UzWmpGbQpNQ0FYRFRJek1ESXhPVEl3TVRNMU1Gb1lEekl3TlRNd01qRXhNakV4TXpVd1dqQXZNUzB3S3dZRFZRUURFeVJoCk0yRXhPV0ZoTkMwelpEbGtMVFJoWTJFdFlqTTVOaTAwTXpRNE1XTmhaVGRtTVdZd2dnR2lNQTBHQ1NxR1NJYjMKRFFFQkFRVUFBNElCandBd2dnR0tBb0lCZ1FEVTRUVjZudmpZRlFHeWZ1Nzg2ZUxIdnlOUVFCN1czVHdBTFVPRwpzdUdicDRVdU1kNlJDRWxxQmkzeURLeFNzaGY0YlFkMGNUUnU0ZW1pbkloMFBVb3lBckNkUmpINTRVWWNaM3A0CkFremRSTmk0blg1QTcxc0JqcEIzRkgvVDlmZ1NGSnEzVURlS2IwK05WRldLMG1CUTBQV0pPWnBFRnpNUm9MTGYKL3lpZkxIQmJPekVaYUQ1NFdTSm5hT0czNnBoam96d2pkSnRyUVNtMHJxd09IRWg5U2pUeHFpOHF2RG52VEg3bAo2ajJXL1AyNzdvSGErYk5XMElRM0p5OWwzWWc3ejN3RGliVGd3YTdzdDNkMEVZTDNFdjVQSFNPc3daUzFraXdzCk5IWVVzK1I1c0RoSFJyZjBRMHNabkZVbGlGazJEeVg3VDhIdTJUdzlPeUg5dlJ1RVB3bnRmd0VzakRDTWNzMEMKb0JsWWFCQjNTdElyRFIyRDUybEhRUEl3TFJ3Z1lTZzkyNndlaUFWUVZncmRXT29KdE9jVTVDbWxBUVh6WTVnSApxc1lndzVrMm5QajJxZFNPRXF1NGVmaHhQZ1JZYlRtdlBzeWg4d3BWNXNZaFZscXJOVTJIbTRkbDZZclg5UkJtCm9mUW9EckVuUk9ZWDFxTWY3MEMzYk9oSEZtRUNBd0VBQWFOQ01FQXdEZ1lEVlIwUEFRSC9CQVFEQWdJRU1BOEcKQTFVZEV3RUIvd1FGTUFNQkFmOHdIUVlEVlIwT0JCWUVGUGRDcHRDbUUxck5zc2dRNlc1Q2Z3U3FEbGFJTUEwRwpDU3FHU0liM0RRRUJDd1VBQTRJQmdRQUQzci9KZmxhVjBqK3RmakpnQ1VHdllpQnM0UlYrcGNxTVVwd1lPbDFSCk9YNkRiK0JOUFBCL2RVTTNSclhGcG9salUxbFlTMzZ6VlRRWFJNSlptWHBHVCtBdXJZSVlPQWl1TGorZEpJTmMKR1hNM2RGN3UyTC9TbmRhdlZSQ2dvb1R4dWpWUHJxdXZXOUY2YkhaaDJGWE5RMEw0NHBLUHM0azRCVnJvRFU4ZwpZeHFlcnJ0bURuT0Y2MzlUMWVuTkdpaWpManpoZ1FqR3lpbENUZVluK1VSRTBYYVZpVDRGNEowTkZWR1NRUm5LCkU3UWtZcEpNMFgzWTVjS05UK1VIcFozQjlhRkpBRVNWNWUzVjN2MnVBY082TGlCbDhhU2lBOFNkbTQ3VzBTbVoKbEFtbDRDN2p4WldpQ3VrNklFTlFsbXBDdWZwS1A4ZDBxTjI5RzNZRFNydzAwa0RxK29BdytzY2FXL085UmdqegprZjUzUmR3RFBzcU9WUyt6K004U1ZOV01abEQzSmsrcndyTWh1eThDWXBHQU9rNE1tNlhZQm9PbmtnSUtyRVQ5CnZLcjlMS0hGQXhFakdIekRFRXFzN2x1S0VmbFR5c2IvS1E5bXhWREhrVTFicENwQXlSVHFPVzRzY0JJZlJzancKaFplMC9oOFF3SFZ3NytwZEVvSzFWK1E9Ci0tLS0tRU5EIENFUlRJRklDQVRFLS0tLS0K"
              }
            ],
            "master_authorized_networks_config": [
              {
                "cidr_blocks": [
                  {
                    "cidr_block": "10.5.0.0/16",
                    "display_name": "manage-subnet"
                  }
                ],
                "gcp_public_cidrs_access_enabled": false
              }
            ],
            "master_version": "1.24.9-gke.2000",
            "mesh_certificates": [],
            "min_master_version": null,
            "monitoring_config": [
              {
                "enable_components": [
                  "SYSTEM_COMPONENTS"
                ],
                "managed_prometheus": []
              }
            ],
            "monitoring_service": "monitoring.googleapis.com/kubernetes",
            "name": "private-cluster",
            "network": "projects/ali-ali-378200/global/networks/project-vpc",
            "network_policy": [
              {
                "enabled": false,
                "provider": "PROVIDER_UNSPECIFIED"
              }
            ],
            "networking_mode": "VPC_NATIVE",
            "node_config": [
              {
                "boot_disk_kms_key": "",
                "disk_size_gb": 100,
                "disk_type": "pd-balanced",
                "gcfs_config": [],
                "guest_accelerator": [],
                "gvnic": [],
                "image_type": "COS_CONTAINERD",
                "kubelet_config": [],
                "labels": {},
                "linux_node_config": [],
                "local_ssd_count": 0,
                "logging_variant": "DEFAULT",
                "machine_type": "e2-micro",
                "metadata": {
                  "disable-legacy-endpoints": "true"
                },
                "min_cpu_platform": "",
                "node_group": "",
                "oauth_scopes": [
                  "https://www.googleapis.com/auth/cloud-platform"
                ],
                "preemptible": true,
                "reservation_affinity": [],
                "resource_labels": {},
                "service_account": "default-gke-sa@ali-ali-378200.iam.gserviceaccount.com",
                "shielded_instance_config": [
                  {
                    "enable_integrity_monitoring": true,
                    "enable_secure_boot": false
                  }
                ],
                "spot": false,
                "tags": [],
                "taint": [],
                "workload_metadata_config": []
              }
            ],
            "node_locations": [],
            "node_pool": [
              {
                "autoscaling": [],
                "initial_node_count": 1,
                "instance_group_urls": [
                  "https://www.googleapis.com/compute/v1/projects/ali-ali-378200/zones/us-west1-b/instanceGroupManagers/gke-private-cluster-poll1-a3b10420-grp"
                ],
                "managed_instance_group_urls": [
                  "https://www.googleapis.com/compute/v1/projects/ali-ali-378200/zones/us-west1-b/instanceGroups/gke-private-cluster-poll1-a3b10420-grp"
                ],
                "management": [
                  {
                    "auto_repair": true,
                    "auto_upgrade": true
                  }
                ],
                "max_pods_per_node": 110,
                "name": "poll1",
                "name_prefix": "",
                "network_config": [
                  {
                    "create_pod_range": false,
                    "enable_private_nodes": false,
                    "pod_ipv4_cidr_block": "10.16.0.0/16",
                    "pod_range": "gke-private-cluster-pods-0b20b43d"
                  }
                ],
                "node_config": [
                  {
                    "boot_disk_kms_key": "",
                    "disk_size_gb": 100,
                    "disk_type": "pd-balanced",
                    "gcfs_config": [],
                    "guest_accelerator": [],
                    "gvnic": [],
                    "image_type": "COS_CONTAINERD",
                    "kubelet_config": [],
                    "labels": {},
                    "linux_node_config": [],
                    "local_ssd_count": 0,
                    "logging_variant": "DEFAULT",
                    "machine_type": "e2-micro",
                    "metadata": {
                      "disable-legacy-endpoints": "true"
                    },
                    "min_cpu_platform": "",
                    "node_group": "",
                    "oauth_scopes": [
                      "https://www.googleapis.com/auth/cloud-platform"
                    ],
                    "preemptible": true,
                    "reservation_affinity": [],
                    "resource_labels": {},
                    "service_account": "default-gke-sa@ali-ali-378200.iam.gserviceaccount.com",
                    "shielded_instance_config": [
                      {
                        "enable_integrity_monitoring": true,
                        "enable_secure_boot": false
                      }
                    ],
                    "spot": false,
                    "tags": [],
                    "taint": [],
                    "workload_metadata_config": []
                  }
                ],
                "node_count": 1,
                "node_locations": [
                  "us-west1-b"
                ],
                "placement_policy": [],
                "upgrade_settings": [
                  {
                    "blue_green_settings": [],
                    "max_surge": 1,
                    "max_unavailable": 0,
                    "strategy": "SURGE"
                  }
                ],
                "version": "1.24.9-gke.2000"
              }
            ],
            "node_pool_defaults": [
              {
                "node_config_defaults": [
                  {
                    "logging_variant": "DEFAULT"
                  }
                ]
              }
            ],
            "node_version": "1.24.9-gke.2000",
            "notification_config": [
              {
                "pubsub": [
                  {
                    "enabled": false,
                    "filter": [],
                    "topic": ""
                  }
                ]
              }
            ],
            "operation": null,
            "private_cluster_config": [
              {
                "enable_private_endpoint": true,
                "enable_private_nodes": true,
                "master_global_access_config": [
                  {
                    "enabled": false
                  }
                ],
                "master_ipv4_cidr_block": "172.16.0.0/28",
                "peering_name": "gke-nf29bd4a122727ab060e-bebe-0300-peer",
                "private_endpoint": "172.16.0.2",
                "private_endpoint_subnetwork": "",
                "public_endpoint": "34.168.194.245"
              }
            ],
            "private_ipv6_google_access": "",
            "project": "ali-ali-378200",
            "release_channel": [
              {
                "channel": "REGULAR"
              }
            ],
            "remove_default_node_pool": true,
            "resource_labels": {},
            "resource_usage_export_config": [],
            "self_link": "https://container.googleapis.com/v1/projects/ali-ali-378200/zones/us-west1-b/clusters/private-cluster",
            "service_external_ips_config": [
              {
                "enabled": false
              }
            ],
            "services_ipv4_cidr": "10.12.0.0/16",
            "subnetwork": "projects/ali-ali-378200/regions/us-west1/subnetworks/restrictedsubnet",
            "timeouts": null,
            "tpu_ipv4_cidr_block": "",
            "vertical_pod_autoscaling": [],
            "workload_identity_config": []
          },
          "sensitive_attributes": [],
          "private": "eyJlMmJmYjczMC1lY2FhLTExZTYtOGY4OC0zNDM2M2JjN2M0YzAiOnsiY3JlYXRlIjoyNDAwMDAwMDAwMDAwLCJkZWxldGUiOjI0MDAwMDAwMDAwMDAsInJlYWQiOjI0MDAwMDAwMDAwMDAsInVwZGF0ZSI6MzYwMDAwMDAwMDAwMH0sInNjaGVtYV92ZXJzaW9uIjoiMSJ9",
          "dependencies": [
            "module.subnets.google_compute_subnetwork.subnets",
            "module.vpc.google_compute_network.main-vpc"
          ]
        }
      ]
    },
    {
      "module": "module.Private-Cluster",
      "mode": "managed",
      "type": "google_container_node_pool",
      "name": "Node-Pool",
      "provider": "provider[\"registry.terraform.io/hashicorp/google\"]",
      "instances": [
        {
          "schema_version": 1,
          "attributes": {
            "autoscaling": [],
            "cluster": "private-cluster",
            "id": "projects/ali-ali-378200/locations/us-west1-b/clusters/private-cluster/nodePools/poll1",
            "initial_node_count": 1,
            "instance_group_urls": [
              "https://www.googleapis.com/compute/v1/projects/ali-ali-378200/zones/us-west1-b/instanceGroupManagers/gke-private-cluster-poll1-a3b10420-grp"
            ],
            "location": "us-west1-b",
            "managed_instance_group_urls": [
              "https://www.googleapis.com/compute/v1/projects/ali-ali-378200/zones/us-west1-b/instanceGroups/gke-private-cluster-poll1-a3b10420-grp"
            ],
            "management": [
              {
                "auto_repair": true,
                "auto_upgrade": true
              }
            ],
            "max_pods_per_node": 110,
            "name": "poll1",
            "name_prefix": "",
            "network_config": [
              {
                "create_pod_range": false,
                "enable_private_nodes": false,
                "pod_ipv4_cidr_block": "10.16.0.0/16",
                "pod_range": "gke-private-cluster-pods-0b20b43d"
              }
            ],
            "node_config": [
              {
                "boot_disk_kms_key": "",
                "disk_size_gb": 100,
                "disk_type": "pd-balanced",
                "gcfs_config": [],
                "guest_accelerator": [],
                "gvnic": [],
                "image_type": "COS_CONTAINERD",
                "kubelet_config": [],
                "labels": {},
                "linux_node_config": [],
                "local_ssd_count": 0,
                "logging_variant": "DEFAULT",
                "machine_type": "e2-micro",
                "metadata": {
                  "disable-legacy-endpoints": "true"
                },
                "min_cpu_platform": "",
                "node_group": "",
                "oauth_scopes": [
                  "https://www.googleapis.com/auth/cloud-platform"
                ],
                "preemptible": true,
                "reservation_affinity": [],
                "resource_labels": {},
                "service_account": "default-gke-sa@ali-ali-378200.iam.gserviceaccount.com",
                "shielded_instance_config": [
                  {
                    "enable_integrity_monitoring": true,
                    "enable_secure_boot": false
                  }
                ],
                "spot": false,
                "tags": [],
                "taint": [],
                "workload_metadata_config": []
              }
            ],
            "node_count": 1,
            "node_locations": [
              "us-west1-b"
            ],
            "operation": null,
            "placement_policy": [],
            "project": "ali-ali-378200",
            "timeouts": null,
            "upgrade_settings": [
              {
                "blue_green_settings": [],
                "max_surge": 1,
                "max_unavailable": 0,
                "strategy": "SURGE"
              }
            ],
            "version": "1.24.9-gke.2000"
          },
          "sensitive_attributes": [],
          "private": "eyJlMmJmYjczMC1lY2FhLTExZTYtOGY4OC0zNDM2M2JjN2M0YzAiOnsiY3JlYXRlIjoxODAwMDAwMDAwMDAwLCJkZWxldGUiOjE4MDAwMDAwMDAwMDAsInVwZGF0ZSI6MTgwMDAwMDAwMDAwMH0sInNjaGVtYV92ZXJzaW9uIjoiMSJ9",
          "dependencies": [
            "module.Private-Cluster.google_container_cluster.cluster-private",
            "module.Private-Cluster.google_service_account.cluster-sa",
            "module.subnets.google_compute_subnetwork.subnets",
            "module.vpc.google_compute_network.main-vpc"
          ]
        }
      ]
    },
    {
      "module": "module.Private-Cluster",
      "mode": "managed",
      "type": "google_project_iam_member",
      "name": "role_viewer",
      "provider": "provider[\"registry.terraform.io/hashicorp/google\"]",
      "instances": [
        {
          "schema_version": 0,
          "attributes": {
            "condition": [],
            "etag": "BwX1FANsjwA=",
            "id": "ali-ali-378200/roles/storage.objectViewer/serviceAccount:default-gke-sa@ali-ali-378200.iam.gserviceaccount.com",
            "member": "serviceAccount:default-gke-sa@ali-ali-378200.iam.gserviceaccount.com",
            "project": "ali-ali-378200",
            "role": "roles/storage.objectViewer"
          },
          "sensitive_attributes": [],
          "private": "bnVsbA==",
          "dependencies": [
            "module.Private-Cluster.google_service_account.cluster-sa"
          ]
        }
      ]
    },
    {
      "module": "module.Private-Cluster",
      "mode": "managed",
      "type": "google_service_account",
      "name": "cluster-sa",
      "provider": "provider[\"registry.terraform.io/hashicorp/google\"]",
      "instances": [
        {
          "schema_version": 0,
          "attributes": {
            "account_id": "default-gke-sa",
            "description": "",
            "disabled": false,
            "display_name": "GKE-service",
            "email": "default-gke-sa@ali-ali-378200.iam.gserviceaccount.com",
            "id": "projects/ali-ali-378200/serviceAccounts/default-gke-sa@ali-ali-378200.iam.gserviceaccount.com",
            "member": "serviceAccount:default-gke-sa@ali-ali-378200.iam.gserviceaccount.com",
            "name": "projects/ali-ali-378200/serviceAccounts/default-gke-sa@ali-ali-378200.iam.gserviceaccount.com",
            "project": "ali-ali-378200",
            "timeouts": null,
            "unique_id": "112540938902618398427"
          },
          "sensitive_attributes": [],
          "private": "eyJlMmJmYjczMC1lY2FhLTExZTYtOGY4OC0zNDM2M2JjN2M0YzAiOnsiY3JlYXRlIjozMDAwMDAwMDAwMDB9fQ=="
        }
      ]
    },
    {
      "module": "module.Private-VM",
      "mode": "managed",
      "type": "google_compute_instance",
      "name": "VM-Private",
      "provider": "provider[\"registry.terraform.io/hashicorp/google\"]",
      "instances": [
        {
          "schema_version": 6,
          "attributes": {
            "advanced_machine_features": [],
            "allow_stopping_for_update": null,
            "attached_disk": [],
            "boot_disk": [
              {
                "auto_delete": true,
                "device_name": "persistent-disk-0",
                "disk_encryption_key_raw": "",
                "disk_encryption_key_sha256": "",
                "initialize_params": [
                  {
                    "image": "https://www.googleapis.com/compute/v1/projects/debian-cloud/global/images/debian-11-bullseye-v20230206",
                    "labels": {},
                    "size": 10,
                    "type": "pd-standard"
                  }
                ],
                "kms_key_self_link": "",
                "mode": "READ_WRITE",
                "source": "https://www.googleapis.com/compute/v1/projects/ali-ali-378200/zones/us-west1-b/disks/private-vm"
              }
            ],
            "can_ip_forward": false,
            "confidential_instance_config": [],
            "cpu_platform": "AMD Rome",
            "current_status": "RUNNING",
            "deletion_protection": false,
            "description": "",
            "desired_status": null,
            "enable_display": false,
            "guest_accelerator": [],
            "hostname": "",
            "id": "projects/ali-ali-378200/zones/us-west1-b/instances/private-vm",
            "instance_id": "728576965117680330",
            "label_fingerprint": "42WmSpB8rSM=",
            "labels": null,
            "machine_type": "e2-micro",
            "metadata": {
              "enable-oslogin": "TRUE"
            },
            "metadata_fingerprint": "S25mmeR37-0=",
            "metadata_startup_script": "sudo apt-get install  -y apt-transport-https ca-certificates gnupg\n   \necho \"deb [signed-by=/usr/share/keyrings/cloud.google.gpg] https://packages.cloud.google.com/apt cloud-sdk main\" | sudo tee -a /etc/apt/sources.list.d/google-cloud-sdk.list\n   \ncurl https://packages.cloud.google.com/apt/doc/apt-key.gpg | sudo apt-key --keyring /usr/share/keyrings/cloud.google.gpg add -\n    \nsudo apt-get update \u0026\u0026 sudo apt-get install google-cloud -y\n\ncurl -LO \"https://dl.k8s.io/release/$(curl -L -s https://dl.k8s.io/release/stable.txt)/bin/linux/amd64/kubectl\"\n\ncurl -LO \"https://dl.k8s.io/$(curl -L -s https://dl.k8s.io/release/stable.txt)/bin/linux/amd64/kubectl.sha256\"\n\necho \"$(cat kubectl.sha256)  kubectl\" | sha256sum --check\n\n\nsudo install -o root -g root -m 0755 kubectl /usr/local/bin/kubectl\n\nchmod +x kubectl\n\nmkdir -p ~/.local/bin\n\nmv ./kubectl ~/.local/bin/kubectl\n\nkubectl version --client\n\nsudo apt-get install google-cloud-sdk-gke-gcloud-auth-plugin\n\nsudo USE_GKE_GCLOUD_AUTH_PLUGIN: True\n  \ngcloud container clusters get-credentials private-cluster --zone=asia-east1 \n",
            "min_cpu_platform": "",
            "name": "private-vm",
            "network_interface": [
              {
                "access_config": [],
                "alias_ip_range": [],
                "ipv6_access_config": [],
                "ipv6_access_type": "",
                "name": "nic0",
                "network": "https://www.googleapis.com/compute/v1/projects/ali-ali-378200/global/networks/project-vpc",
                "network_ip": "10.5.0.3",
                "nic_type": "",
                "queue_count": 0,
                "stack_type": "IPV4_ONLY",
                "subnetwork": "https://www.googleapis.com/compute/v1/projects/ali-ali-378200/regions/us-west1/subnetworks/managementsubnet",
                "subnetwork_project": "ali-ali-378200"
              }
            ],
            "project": "ali-ali-378200",
            "reservation_affinity": [],
            "resource_policies": null,
            "scheduling": [
              {
                "automatic_restart": true,
                "instance_termination_action": "",
                "min_node_cpus": 0,
                "node_affinities": [],
                "on_host_maintenance": "MIGRATE",
                "preemptible": false,
                "provisioning_model": "STANDARD"
              }
            ],
            "scratch_disk": [],
            "self_link": "https://www.googleapis.com/compute/v1/projects/ali-ali-378200/zones/us-west1-b/instances/private-vm",
            "service_account": [
              {
                "email": "default-vm-sa@ali-ali-378200.iam.gserviceaccount.com",
                "scopes": [
                  "https://www.googleapis.com/auth/cloud-platform"
                ]
              }
            ],
            "shielded_instance_config": [
              {
                "enable_integrity_monitoring": true,
                "enable_secure_boot": false,
                "enable_vtpm": true
              }
            ],
            "tags": [
              "private-vm"
            ],
            "tags_fingerprint": "t0YCq7AySBA=",
            "timeouts": null,
            "zone": "us-west1-b"
          },
          "sensitive_attributes": [],
          "private": "eyJlMmJmYjczMC1lY2FhLTExZTYtOGY4OC0zNDM2M2JjN2M0YzAiOnsiY3JlYXRlIjoxMjAwMDAwMDAwMDAwLCJkZWxldGUiOjEyMDAwMDAwMDAwMDAsInVwZGF0ZSI6MTIwMDAwMDAwMDAwMH0sInNjaGVtYV92ZXJzaW9uIjoiNiJ9",
          "dependencies": [
            "module.Private-VM.google_service_account.vm-service",
            "module.subnets.google_compute_subnetwork.subnets"
          ]
        }
      ]
    },
    {
      "module": "module.Private-VM",
      "mode": "managed",
      "type": "google_project_iam_member",
      "name": "role-admin",
      "provider": "provider[\"registry.terraform.io/hashicorp/google\"]",
      "instances": [
        {
          "schema_version": 0,
          "attributes": {
            "condition": [],
            "etag": "BwX1FANsjwA=",
            "id": "ali-ali-378200/roles/container.admin/serviceAccount:default-vm-sa@ali-ali-378200.iam.gserviceaccount.com",
            "member": "serviceAccount:default-vm-sa@ali-ali-378200.iam.gserviceaccount.com",
            "project": "ali-ali-378200",
            "role": "roles/container.admin"
          },
          "sensitive_attributes": [],
          "private": "bnVsbA==",
          "dependencies": [
            "module.Private-VM.google_service_account.vm-service"
          ]
        }
      ]
    },
    {
      "module": "module.Private-VM",
      "mode": "managed",
      "type": "google_service_account",
      "name": "vm-service",
      "provider": "provider[\"registry.terraform.io/hashicorp/google\"]",
      "instances": [
        {
          "schema_version": 0,
          "attributes": {
            "account_id": "default-vm-sa",
            "description": "",
            "disabled": false,
            "display_name": "vm-service",
            "email": "default-vm-sa@ali-ali-378200.iam.gserviceaccount.com",
            "id": "projects/ali-ali-378200/serviceAccounts/default-vm-sa@ali-ali-378200.iam.gserviceaccount.com",
            "member": "serviceAccount:default-vm-sa@ali-ali-378200.iam.gserviceaccount.com",
            "name": "projects/ali-ali-378200/serviceAccounts/default-vm-sa@ali-ali-378200.iam.gserviceaccount.com",
            "project": "ali-ali-378200",
            "timeouts": null,
            "unique_id": "117693441869495808427"
          },
          "sensitive_attributes": [],
          "private": "eyJlMmJmYjczMC1lY2FhLTExZTYtOGY4OC0zNDM2M2JjN2M0YzAiOnsiY3JlYXRlIjozMDAwMDAwMDAwMDB9fQ=="
        }
      ]
    },
    {
      "module": "module.subnets",
      "mode": "managed",
      "type": "google_compute_subnetwork",
      "name": "subnets",
      "provider": "provider[\"registry.terraform.io/hashicorp/google\"]",
      "instances": [
        {
          "index_key": 0,
          "schema_version": 0,
          "attributes": {
            "creation_timestamp": "2023-02-19T13:13:27.429-08:00",
            "description": "",
            "external_ipv6_prefix": "",
            "fingerprint": null,
            "gateway_address": "10.5.0.1",
            "id": "projects/ali-ali-378200/regions/us-west1/subnetworks/managementsubnet",
            "ip_cidr_range": "10.5.0.0/16",
            "ipv6_access_type": "",
            "ipv6_cidr_range": "",
            "log_config": [],
            "name": "managementsubnet",
            "network": "https://www.googleapis.com/compute/v1/projects/ali-ali-378200/global/networks/project-vpc",
            "private_ip_google_access": false,
            "private_ipv6_google_access": "DISABLE_GOOGLE_ACCESS",
            "project": "ali-ali-378200",
            "purpose": "PRIVATE",
            "region": "us-west1",
            "role": "",
            "secondary_ip_range": [],
            "self_link": "https://www.googleapis.com/compute/v1/projects/ali-ali-378200/regions/us-west1/subnetworks/managementsubnet",
            "stack_type": "IPV4_ONLY",
            "timeouts": null
          },
          "sensitive_attributes": [],
          "private": "eyJlMmJmYjczMC1lY2FhLTExZTYtOGY4OC0zNDM2M2JjN2M0YzAiOnsiY3JlYXRlIjoxMjAwMDAwMDAwMDAwLCJkZWxldGUiOjEyMDAwMDAwMDAwMDAsInVwZGF0ZSI6MTIwMDAwMDAwMDAwMH19",
          "dependencies": [
            "module.vpc.google_compute_network.main-vpc"
          ]
        },
        {
          "index_key": 1,
          "schema_version": 0,
          "attributes": {
            "creation_timestamp": "2023-02-19T13:13:27.746-08:00",
            "description": "",
            "external_ipv6_prefix": "",
            "fingerprint": null,
            "gateway_address": "10.6.0.1",
            "id": "projects/ali-ali-378200/regions/us-west1/subnetworks/restrictedsubnet",
            "ip_cidr_range": "10.6.0.0/16",
            "ipv6_access_type": "",
            "ipv6_cidr_range": "",
            "log_config": [],
            "name": "restrictedsubnet",
            "network": "https://www.googleapis.com/compute/v1/projects/ali-ali-378200/global/networks/project-vpc",
            "private_ip_google_access": true,
            "private_ipv6_google_access": "DISABLE_GOOGLE_ACCESS",
            "project": "ali-ali-378200",
            "purpose": "PRIVATE",
            "region": "us-west1",
            "role": "",
            "secondary_ip_range": [
              {
                "ip_cidr_range": "10.16.0.0/16",
                "range_name": "gke-private-cluster-pods-0b20b43d"
              },
              {
                "ip_cidr_range": "10.12.0.0/16",
                "range_name": "gke-private-cluster-services-0b20b43d"
              }
            ],
            "self_link": "https://www.googleapis.com/compute/v1/projects/ali-ali-378200/regions/us-west1/subnetworks/restrictedsubnet",
            "stack_type": "IPV4_ONLY",
            "timeouts": null
          },
          "sensitive_attributes": [],
          "private": "eyJlMmJmYjczMC1lY2FhLTExZTYtOGY4OC0zNDM2M2JjN2M0YzAiOnsiY3JlYXRlIjoxMjAwMDAwMDAwMDAwLCJkZWxldGUiOjEyMDAwMDAwMDAwMDAsInVwZGF0ZSI6MTIwMDAwMDAwMDAwMH19",
          "dependencies": [
            "module.vpc.google_compute_network.main-vpc"
          ]
        }
      ]
    },
    {
      "module": "module.vpc",
      "mode": "managed",
      "type": "google_compute_firewall",
      "name": "allow-ssh-http",
      "provider": "provider[\"registry.terraform.io/hashicorp/google\"]",
      "instances": [
        {
          "schema_version": 1,
          "attributes": {
            "allow": [
              {
                "ports": [
                  "22",
                  "80"
                ],
                "protocol": "tcp"
              }
            ],
            "creation_timestamp": "2023-02-19T13:13:25.776-08:00",
            "deny": [],
            "description": "",
            "destination_ranges": [],
            "direction": "INGRESS",
            "disabled": false,
            "enable_logging": null,
            "id": "projects/ali-ali-378200/global/firewalls/firewall-pro",
            "log_config": [],
            "name": "firewall-pro",
            "network": "https://www.googleapis.com/compute/v1/projects/ali-ali-378200/global/networks/project-vpc",
            "priority": 100,
            "project": "ali-ali-378200",
            "self_link": "https://www.googleapis.com/compute/v1/projects/ali-ali-378200/global/firewalls/firewall-pro",
            "source_ranges": [
              "35.235.240.0/20"
            ],
            "source_service_accounts": [],
            "source_tags": [],
            "target_service_accounts": [],
            "target_tags": [],
            "timeouts": null
          },
          "sensitive_attributes": [],
          "private": "eyJlMmJmYjczMC1lY2FhLTExZTYtOGY4OC0zNDM2M2JjN2M0YzAiOnsiY3JlYXRlIjoxMjAwMDAwMDAwMDAwLCJkZWxldGUiOjEyMDAwMDAwMDAwMDAsInVwZGF0ZSI6MTIwMDAwMDAwMDAwMH0sInNjaGVtYV92ZXJzaW9uIjoiMSJ9",
          "dependencies": [
            "module.vpc.google_compute_network.main-vpc"
          ]
        }
      ]
    },
    {
      "module": "module.vpc",
      "mode": "managed",
      "type": "google_compute_network",
      "name": "main-vpc",
      "provider": "provider[\"registry.terraform.io/hashicorp/google\"]",
      "instances": [
        {
          "schema_version": 0,
          "attributes": {
            "auto_create_subnetworks": false,
            "delete_default_routes_on_create": false,
            "description": "",
            "enable_ula_internal_ipv6": false,
            "gateway_ipv4": "",
            "id": "projects/ali-ali-378200/global/networks/project-vpc",
            "internal_ipv6_range": "",
            "mtu": 0,
            "name": "project-vpc",
            "project": "ali-ali-378200",
            "routing_mode": "REGIONAL",
            "self_link": "https://www.googleapis.com/compute/v1/projects/ali-ali-378200/global/networks/project-vpc",
            "timeouts": null
          },
          "sensitive_attributes": [],
          "private": "eyJlMmJmYjczMC1lY2FhLTExZTYtOGY4OC0zNDM2M2JjN2M0YzAiOnsiY3JlYXRlIjoxMjAwMDAwMDAwMDAwLCJkZWxldGUiOjEyMDAwMDAwMDAwMDAsInVwZGF0ZSI6MTIwMDAwMDAwMDAwMH19"
        }
      ]
    },
    {
      "module": "module.vpc",
      "mode": "managed",
      "type": "google_compute_router",
      "name": "router",
      "provider": "provider[\"registry.terraform.io/hashicorp/google\"]",
      "instances": [
        {
          "schema_version": 0,
          "attributes": {
            "bgp": [],
            "creation_timestamp": "2023-02-19T13:13:39.446-08:00",
            "description": "",
            "encrypted_interconnect_router": false,
            "id": "projects/ali-ali-378200/regions/us-west1/routers/my-router",
            "name": "my-router",
            "network": "https://www.googleapis.com/compute/v1/projects/ali-ali-378200/global/networks/project-vpc",
            "project": "ali-ali-378200",
            "region": "us-west1",
            "self_link": "https://www.googleapis.com/compute/v1/projects/ali-ali-378200/regions/us-west1/routers/my-router",
            "timeouts": null
          },
          "sensitive_attributes": [],
          "private": "eyJlMmJmYjczMC1lY2FhLTExZTYtOGY4OC0zNDM2M2JjN2M0YzAiOnsiY3JlYXRlIjoxMjAwMDAwMDAwMDAwLCJkZWxldGUiOjEyMDAwMDAwMDAwMDAsInVwZGF0ZSI6MTIwMDAwMDAwMDAwMH19",
          "dependencies": [
            "module.subnets.google_compute_subnetwork.subnets",
            "module.vpc.google_compute_network.main-vpc"
          ]
        }
      ]
    },
    {
      "module": "module.vpc",
      "mode": "managed",
      "type": "google_compute_router_nat",
      "name": "nat",
      "provider": "provider[\"registry.terraform.io/hashicorp/google\"]",
      "instances": [
        {
          "schema_version": 0,
          "attributes": {
            "drain_nat_ips": [],
            "enable_dynamic_port_allocation": false,
            "enable_endpoint_independent_mapping": true,
            "icmp_idle_timeout_sec": 30,
            "id": "ali-ali-378200/us-west1/my-router/nat1",
            "log_config": [
              {
                "enable": true,
                "filter": "ERRORS_ONLY"
              }
            ],
            "max_ports_per_vm": 0,
            "min_ports_per_vm": 0,
            "name": "nat1",
            "nat_ip_allocate_option": "AUTO_ONLY",
            "nat_ips": [],
            "project": "ali-ali-378200",
            "region": "us-west1",
            "router": "my-router",
            "rules": [],
            "source_subnetwork_ip_ranges_to_nat": "LIST_OF_SUBNETWORKS",
            "subnetwork": [
              {
                "name": "https://www.googleapis.com/compute/v1/projects/ali-ali-378200/regions/us-west1/subnetworks/managementsubnet",
                "secondary_ip_range_names": [],
                "source_ip_ranges_to_nat": [
                  "ALL_IP_RANGES"
                ]
              }
            ],
            "tcp_established_idle_timeout_sec": 1200,
            "tcp_time_wait_timeout_sec": 120,
            "tcp_transitory_idle_timeout_sec": 30,
            "timeouts": null,
            "udp_idle_timeout_sec": 30
          },
          "sensitive_attributes": [],
          "private": "eyJlMmJmYjczMC1lY2FhLTExZTYtOGY4OC0zNDM2M2JjN2M0YzAiOnsiY3JlYXRlIjoxMjAwMDAwMDAwMDAwLCJkZWxldGUiOjEyMDAwMDAwMDAwMDAsInVwZGF0ZSI6MTIwMDAwMDAwMDAwMH19",
          "dependencies": [
            "module.subnets.google_compute_subnetwork.subnets",
            "module.vpc.google_compute_network.main-vpc",
            "module.vpc.google_compute_router.router"
          ]
        }
      ]
    }
  ],
  "check_results": null
}
